
Microsoft Visual Studio Solution File, Format Version 12.00
# Visual Studio 15
VisualStudioVersion = 15.0.28010.2046
MinimumVisualStudioVersion = 10.0.40219.1
Project("{FAE04EC0-301F-11D3-BF4B-00C04F79EFBC}") = "AthenaAbuser", "AthenaAbuser\AthenaAbuser.csproj", "{C72E03C8-EDEF-4DF1-9A4F-D95196EB90A7}"
EndProject
Global
	GlobalSection(SolutionConfigurationPlatforms) = preSolution
		Debug|Any CPU = Debug|Any CPU
		Release|Any CPU = Release|Any CPU
	EndGlobalSection
	GlobalSection(ProjectConfigurationPlatforms) = postSolution
		{C72E03C8-EDEF-4DF1-9A4F-D95196EB90A7}.Debug|Any CPU.ActiveCfg = Debug|Any CPU
		{C72E03C8-EDEF-4DF1-9A4F-D95196EB90A7}.Debug|Any CPU.Build.0 = Debug|Any CPU
		{C72E03C8-EDEF-4DF1-9A4F-D95196EB90A7}.Release|Any CPU.ActiveCfg = Release|Any CPU
		{C72E03C8-EDEF-4DF1-9A4F-D95196EB90A7}.Release|Any CPU.Build.0 = Release|Any CPU
	EndGlobalSection
	GlobalSection(SolutionProperties) = preSolution
		HideSolutionNode = FALSE
	EndGlobalSection
	GlobalSection(ExtensibilityGlobals) = postSolution
		SolutionGuid = {B57D9D82-0CB3-4F52-A273-CAAB11C2F75E}
	EndGlobalSection
EndGlobal
